lockfileVersion: '9.0'

settings:
  autoInstallPeers: true
  excludeLinksFromLockfile: false

importers:

  .:
    dependencies:
      '@faker-js/faker':
        specifier: ^10.2.0
        version: 10.2.0
      '@langchain/anthropic':
        specifier: ^1.3.7
        version: 1.3.7(@langchain/core@1.1.12(openai@6.16.0(zod@4.3.5)))
      '@langchain/core':
        specifier: ^1.1.12
        version: 1.1.12(openai@6.16.0(zod@4.3.5))
      '@langchain/openai':
        specifier: ^1.2.1
        version: 1.2.1(@langchain/core@1.1.12(openai@6.16.0(zod@4.3.5)))
      commander:
        specifier: ^14.0.2
        version: 14.0.2
      deep-diff:
        specifier: ^1.0.2
        version: 1.0.2
      dotenv:
        specifier: ^17.2.3
        version: 17.2.3
      playwright:
        specifier: ^1.57.0
        version: 1.57.0
      uuid:
        specifier: ^13.0.0
        version: 13.0.0
      winston:
        specifier: ^3.19.0
        version: 3.19.0
      zod:
        specifier: ^4.3.5
        version: 4.3.5
    devDependencies:
      '@types/node':
        specifier: ^25.0.6
        version: 25.0.6
      '@types/uuid':
        specifier: ^10.0.0
        version: 10.0.0
      tsx:
        specifier: ^4.21.0
        version: 4.21.0
      typescript:
        specifier: ^5.9.3
        version: 5.9.3
      vitest:
        specifier: ^4.0.16
        version: 4.0.16(@types/node@25.0.6)(tsx@4.21.0)

packages:

  '@anthropic-ai/sdk@0.71.2':
    resolution: {integrity: sha512-TGNDEUuEstk/DKu0/TflXAEt+p+p/WhTlFzEnoosvbaDU2LTjm42igSdlL0VijrKpWejtOKxX0b8A7uc+XiSAQ==}
    hasBin: true
    peerDependencies:
      zod: ^3.25.0 || ^4.0.0
    peerDependenciesMeta:
      zod:
        optional: true

  '@babel/runtime@7.28.4':
    resolution: {integrity: sha512-Q/N6JNWvIvPnLDvjlE1OUBLPQHH6l3CltCEsHIujp45zQUSSh8K+gHnaEX45yAT1nyngnINhvWtzN+Nb9D8RAQ==}
    engines: {node: '>=6.9.0'}

  '@cfworker/json-schema@4.1.1':
    resolution: {integrity: sha512-gAmrUZSGtKc3AiBL71iNWxDsyUC5uMaKKGdvzYsBoTW/xi42JQHl7eKV2OYzCUqvc+D2RCcf7EXY2iCyFIk6og==}

  '@colors/colors@1.6.0':
    resolution: {integrity: sha512-Ir+AOibqzrIsL6ajt3Rz3LskB7OiMVHqltZmspbW/TJuTVuyOMirVqAkjfY6JISiLHgyNqicAC8AyHHGzNd/dA==}
    engines: {node: '>=0.1.90'}

  '@dabh/diagnostics@2.0.8':
    resolution: {integrity: sha512-R4MSXTVnuMzGD7bzHdW2ZhhdPC/igELENcq5IjEverBvq5hn1SXCWcsi6eSsdWP0/Ur+SItRRjAktmdoX/8R/Q==}

  '@esbuild/aix-ppc64@0.27.2':
    resolution: {integrity: sha512-GZMB+a0mOMZs4MpDbj8RJp4cw+w1WV5NYD6xzgvzUJ5Ek2jerwfO2eADyI6ExDSUED+1X8aMbegahsJi+8mgpw==}
    engines: {node: '>=18'}
    cpu: [ppc64]
    os: [aix]

  '@esbuild/android-arm64@0.27.2':
    resolution: {integrity: sha512-pvz8ZZ7ot/RBphf8fv60ljmaoydPU12VuXHImtAs0XhLLw+EXBi2BLe3OYSBslR4rryHvweW5gmkKFwTiFy6KA==}
    engines: {node: '>=18'}
    cpu: [arm64]
    os: [android]

  '@esbuild/android-arm@0.27.2':
    resolution: {integrity: sha512-DVNI8jlPa7Ujbr1yjU2PfUSRtAUZPG9I1RwW4F4xFB1Imiu2on0ADiI/c3td+KmDtVKNbi+nffGDQMfcIMkwIA==}
    engines: {node: '>=18'}
    cpu: [arm]
    os: [android]

  '@esbuild/android-x64@0.27.2':
    resolution: {integrity: sha512-z8Ank4Byh4TJJOh4wpz8g2vDy75zFL0TlZlkUkEwYXuPSgX8yzep596n6mT7905kA9uHZsf/o2OJZubl2l3M7A==}
    engines: {node: '>=18'}
    cpu: [x64]
    os: [android]

  '@esbuild/darwin-arm64@0.27.2':
    resolution: {integrity: sha512-davCD2Zc80nzDVRwXTcQP/28fiJbcOwvdolL0sOiOsbwBa72kegmVU0Wrh1MYrbuCL98Omp5dVhQFWRKR2ZAlg==}
    engines: {node: '>=18'}
    cpu: [arm64]
    os: [darwin]

  '@esbuild/darwin-x64@0.27.2':
    resolution: {integrity: sha512-ZxtijOmlQCBWGwbVmwOF/UCzuGIbUkqB1faQRf5akQmxRJ1ujusWsb3CVfk/9iZKr2L5SMU5wPBi1UWbvL+VQA==}
    engines: {node: '>=18'}
    cpu: [x64]
    os: [darwin]

  '@esbuild/freebsd-arm64@0.27.2':
    resolution: {integrity: sha512-lS/9CN+rgqQ9czogxlMcBMGd+l8Q3Nj1MFQwBZJyoEKI50XGxwuzznYdwcav6lpOGv5BqaZXqvBSiB/kJ5op+g==}
    engines: {node: '>=18'}
    cpu: [arm64]
    os: [freebsd]

  '@esbuild/freebsd-x64@0.27.2':
    resolution: {integrity: sha512-tAfqtNYb4YgPnJlEFu4c212HYjQWSO/w/h/lQaBK7RbwGIkBOuNKQI9tqWzx7Wtp7bTPaGC6MJvWI608P3wXYA==}
    engines: {node: '>=18'}
    cpu: [x64]
    os: [freebsd]

  '@esbuild/linux-arm64@0.27.2':
    resolution: {integrity: sha512-hYxN8pr66NsCCiRFkHUAsxylNOcAQaxSSkHMMjcpx0si13t1LHFphxJZUiGwojB1a/Hd5OiPIqDdXONia6bhTw==}
    engines: {node: '>=18'}
    cpu: [arm64]
    os: [linux]

  '@esbuild/linux-arm@0.27.2':
    resolution: {integrity: sha512-vWfq4GaIMP9AIe4yj1ZUW18RDhx6EPQKjwe7n8BbIecFtCQG4CfHGaHuh7fdfq+y3LIA2vGS/o9ZBGVxIDi9hw==}
    engines: {node: '>=18'}
    cpu: [arm]
    os: [linux]

  '@esbuild/linux-ia32@0.27.2':
    resolution: {integrity: sha512-MJt5BRRSScPDwG2hLelYhAAKh9imjHK5+NE/tvnRLbIqUWa+0E9N4WNMjmp/kXXPHZGqPLxggwVhz7QP8CTR8w==}
    engines: {node: '>=18'}
    cpu: [ia32]
    os: [linux]

  '@esbuild/linux-loong64@0.27.2':
    resolution: {integrity: sha512-lugyF1atnAT463aO6KPshVCJK5NgRnU4yb3FUumyVz+cGvZbontBgzeGFO1nF+dPueHD367a2ZXe1NtUkAjOtg==}
    engines: {node: '>=18'}
    cpu: [loong64]
    os: [linux]

  '@esbuild/linux-mips64el@0.27.2':
    resolution: {integrity: sha512-nlP2I6ArEBewvJ2gjrrkESEZkB5mIoaTswuqNFRv/WYd+ATtUpe9Y09RnJvgvdag7he0OWgEZWhviS1OTOKixw==}
    engines: {node: '>=18'}
    cpu: [mips64el]
    os: [linux]

  '@esbuild/linux-ppc64@0.27.2':
    resolution: {integrity: sha512-C92gnpey7tUQONqg1n6dKVbx3vphKtTHJaNG2Ok9lGwbZil6DrfyecMsp9CrmXGQJmZ7iiVXvvZH6Ml5hL6XdQ==}
    engines: {node: '>=18'}
    cpu: [ppc64]
    os: [linux]

  '@esbuild/linux-riscv64@0.27.2':
    resolution: {integrity: sha512-B5BOmojNtUyN8AXlK0QJyvjEZkWwy/FKvakkTDCziX95AowLZKR6aCDhG7LeF7uMCXEJqwa8Bejz5LTPYm8AvA==}
    engines: {node: '>=18'}
    cpu: [riscv64]
    os: [linux]

  '@esbuild/linux-s390x@0.27.2':
    resolution: {integrity: sha512-p4bm9+wsPwup5Z8f4EpfN63qNagQ47Ua2znaqGH6bqLlmJ4bx97Y9JdqxgGZ6Y8xVTixUnEkoKSHcpRlDnNr5w==}
    engines: {node: '>=18'}
    cpu: [s390x]
    os: [linux]

  '@esbuild/linux-x64@0.27.2':
    resolution: {integrity: sha512-uwp2Tip5aPmH+NRUwTcfLb+W32WXjpFejTIOWZFw/v7/KnpCDKG66u4DLcurQpiYTiYwQ9B7KOeMJvLCu/OvbA==}
    engines: {node: '>=18'}
    cpu: [x64]
    os: [linux]

  '@esbuild/netbsd-arm64@0.27.2':
    resolution: {integrity: sha512-Kj6DiBlwXrPsCRDeRvGAUb/LNrBASrfqAIok+xB0LxK8CHqxZ037viF13ugfsIpePH93mX7xfJp97cyDuTZ3cw==}
    engines: {node: '>=18'}
    cpu: [arm64]
    os: [netbsd]

  '@esbuild/netbsd-x64@0.27.2':
    resolution: {integrity: sha512-HwGDZ0VLVBY3Y+Nw0JexZy9o/nUAWq9MlV7cahpaXKW6TOzfVno3y3/M8Ga8u8Yr7GldLOov27xiCnqRZf0tCA==}
    engines: {node: '>=18'}
    cpu: [x64]
    os: [netbsd]

  '@esbuild/openbsd-arm64@0.27.2':
    resolution: {integrity: sha512-DNIHH2BPQ5551A7oSHD0CKbwIA/Ox7+78/AWkbS5QoRzaqlev2uFayfSxq68EkonB+IKjiuxBFoV8ESJy8bOHA==}
    engines: {node: '>=18'}
    cpu: [arm64]
    os: [openbsd]

  '@esbuild/openbsd-x64@0.27.2':
    resolution: {integrity: sha512-/it7w9Nb7+0KFIzjalNJVR5bOzA9Vay+yIPLVHfIQYG/j+j9VTH84aNB8ExGKPU4AzfaEvN9/V4HV+F+vo8OEg==}
    engines: {node: '>=18'}
    cpu: [x64]
    os: [openbsd]

  '@esbuild/openharmony-arm64@0.27.2':
    resolution: {integrity: sha512-LRBbCmiU51IXfeXk59csuX/aSaToeG7w48nMwA6049Y4J4+VbWALAuXcs+qcD04rHDuSCSRKdmY63sruDS5qag==}
    engines: {node: '>=18'}
    cpu: [arm64]
    os: [openharmony]

  '@esbuild/sunos-x64@0.27.2':
    resolution: {integrity: sha512-kMtx1yqJHTmqaqHPAzKCAkDaKsffmXkPHThSfRwZGyuqyIeBvf08KSsYXl+abf5HDAPMJIPnbBfXvP2ZC2TfHg==}
    engines: {node: '>=18'}
    cpu: [x64]
    os: [sunos]

  '@esbuild/win32-arm64@0.27.2':
    resolution: {integrity: sha512-Yaf78O/B3Kkh+nKABUF++bvJv5Ijoy9AN1ww904rOXZFLWVc5OLOfL56W+C8F9xn5JQZa3UX6m+IktJnIb1Jjg==}
    engines: {node: '>=18'}
    cpu: [arm64]
    os: [win32]

  '@esbuild/win32-ia32@0.27.2':
    resolution: {integrity: sha512-Iuws0kxo4yusk7sw70Xa2E2imZU5HoixzxfGCdxwBdhiDgt9vX9VUCBhqcwY7/uh//78A1hMkkROMJq9l27oLQ==}
    engines: {node: '>=18'}
    cpu: [ia32]
    os: [win32]

  '@esbuild/win32-x64@0.27.2':
    resolution: {integrity: sha512-sRdU18mcKf7F+YgheI/zGf5alZatMUTKj/jNS6l744f9u3WFu4v7twcUI9vu4mknF4Y9aDlblIie0IM+5xxaqQ==}
    engines: {node: '>=18'}
    cpu: [x64]
    os: [win32]

  '@faker-js/faker@10.2.0':
    resolution: {integrity: sha512-rTXwAsIxpCqzUnZvrxVh3L0QA0NzToqWBLAhV+zDV3MIIwiQhAZHMdPCIaj5n/yADu/tyk12wIPgL6YHGXJP+g==}
    engines: {node: ^20.19.0 || ^22.13.0 || ^23.5.0 || >=24.0.0, npm: '>=10'}

  '@jridgewell/sourcemap-codec@1.5.5':
    resolution: {integrity: sha512-cYQ9310grqxueWbl+WuIUIaiUaDcj7WOq5fVhEljNVgRfOUhY9fy2zTvfoqWsnebh8Sl70VScFbICvJnLKB0Og==}

  '@langchain/anthropic@1.3.7':
    resolution: {integrity: sha512-tuj877NsygqpQXdv1QCnhcycRNntZnv8S86oY4/0TEkq4aKqyB8VfCcKxcf03EdKufdPkF6phmWY59czV2CM0g==}
    engines: {node: '>=20'}
    peerDependencies:
      '@langchain/core': 1.1.12

  '@langchain/core@1.1.12':
    resolution: {integrity: sha512-sHWLvhyLi3fntlg3MEPB89kCjxEX7/+imlIYJcp6uFGCAZfGxVWklqp22HwjT1szorUBYrkO8u0YA554ReKxGQ==}
    engines: {node: '>=20'}

  '@langchain/openai@1.2.1':
    resolution: {integrity: sha512-eZYPhvXIwz0/8iCjj2LWqeaznQ7DZ6tBdvF+Ebv4sQW2UqJWZqRC8QIdKZgTbs8ffMWPHkSSOidYqu4XfWCNYg==}
    engines: {node: '>=20'}
    peerDependencies:
      '@langchain/core': ^1.0.0

  '@rollup/rollup-android-arm-eabi@4.55.1':
    resolution: {integrity: sha512-9R0DM/ykwfGIlNu6+2U09ga0WXeZ9MRC2Ter8jnz8415VbuIykVuc6bhdrbORFZANDmTDvq26mJrEVTl8TdnDg==}
    cpu: [arm]
    os: [android]

  '@rollup/rollup-android-arm64@4.55.1':
    resolution: {integrity: sha512-eFZCb1YUqhTysgW3sj/55du5cG57S7UTNtdMjCW7LwVcj3dTTcowCsC8p7uBdzKsZYa8J7IDE8lhMI+HX1vQvg==}
    cpu: [arm64]
    os: [android]

  '@rollup/rollup-darwin-arm64@4.55.1':
    resolution: {integrity: sha512-p3grE2PHcQm2e8PSGZdzIhCKbMCw/xi9XvMPErPhwO17vxtvCN5FEA2mSLgmKlCjHGMQTP6phuQTYWUnKewwGg==}
    cpu: [arm64]
    os: [darwin]

  '@rollup/rollup-darwin-x64@4.55.1':
    resolution: {integrity: sha512-rDUjG25C9qoTm+e02Esi+aqTKSBYwVTaoS1wxcN47/Luqef57Vgp96xNANwt5npq9GDxsH7kXxNkJVEsWEOEaQ==}
    cpu: [x64]
    os: [darwin]

  '@rollup/rollup-freebsd-arm64@4.55.1':
    resolution: {integrity: sha512-+JiU7Jbp5cdxekIgdte0jfcu5oqw4GCKr6i3PJTlXTCU5H5Fvtkpbs4XJHRmWNXF+hKmn4v7ogI5OQPaupJgOg==}
    cpu: [arm64]
    os: [freebsd]

  '@rollup/rollup-freebsd-x64@4.55.1':
    resolution: {integrity: sha512-V5xC1tOVWtLLmr3YUk2f6EJK4qksksOYiz/TCsFHu/R+woubcLWdC9nZQmwjOAbmExBIVKsm1/wKmEy4z4u4Bw==}
    cpu: [x64]
    os: [freebsd]

  '@rollup/rollup-linux-arm-gnueabihf@4.55.1':
    resolution: {integrity: sha512-Rn3n+FUk2J5VWx+ywrG/HGPTD9jXNbicRtTM11e/uorplArnXZYsVifnPPqNNP5BsO3roI4n8332ukpY/zN7rQ==}
    cpu: [arm]
    os: [linux]

  '@rollup/rollup-linux-arm-musleabihf@4.55.1':
    resolution: {integrity: sha512-grPNWydeKtc1aEdrJDWk4opD7nFtQbMmV7769hiAaYyUKCT1faPRm2av8CX1YJsZ4TLAZcg9gTR1KvEzoLjXkg==}
    cpu: [arm]
    os: [linux]

  '@rollup/rollup-linux-arm64-gnu@4.55.1':
    resolution: {integrity: sha512-a59mwd1k6x8tXKcUxSyISiquLwB5pX+fJW9TkWU46lCqD/GRDe9uDN31jrMmVP3feI3mhAdvcCClhV8V5MhJFQ==}
    cpu: [arm64]
    os: [linux]

  '@rollup/rollup-linux-arm64-musl@4.55.1':
    resolution: {integrity: sha512-puS1MEgWX5GsHSoiAsF0TYrpomdvkaXm0CofIMG5uVkP6IBV+ZO9xhC5YEN49nsgYo1DuuMquF9+7EDBVYu4uA==}
    cpu: [arm64]
    os: [linux]

  '@rollup/rollup-linux-loong64-gnu@4.55.1':
    resolution: {integrity: sha512-r3Wv40in+lTsULSb6nnoudVbARdOwb2u5fpeoOAZjFLznp6tDU8kd+GTHmJoqZ9lt6/Sys33KdIHUaQihFcu7g==}
    cpu: [loong64]
    os: [linux]

  '@rollup/rollup-linux-loong64-musl@4.55.1':
    resolution: {integrity: sha512-MR8c0+UxAlB22Fq4R+aQSPBayvYa3+9DrwG/i1TKQXFYEaoW3B5b/rkSRIypcZDdWjWnpcvxbNaAJDcSbJU3Lw==}
    cpu: [loong64]
    os: [linux]

  '@rollup/rollup-linux-ppc64-gnu@4.55.1':
    resolution: {integrity: sha512-3KhoECe1BRlSYpMTeVrD4sh2Pw2xgt4jzNSZIIPLFEsnQn9gAnZagW9+VqDqAHgm1Xc77LzJOo2LdigS5qZ+gw==}
    cpu: [ppc64]
    os: [linux]

  '@rollup/rollup-linux-ppc64-musl@4.55.1':
    resolution: {integrity: sha512-ziR1OuZx0vdYZZ30vueNZTg73alF59DicYrPViG0NEgDVN8/Jl87zkAPu4u6VjZST2llgEUjaiNl9JM6HH1Vdw==}
    cpu: [ppc64]
    os: [linux]

  '@rollup/rollup-linux-riscv64-gnu@4.55.1':
    resolution: {integrity: sha512-uW0Y12ih2XJRERZ4jAfKamTyIHVMPQnTZcQjme2HMVDAHY4amf5u414OqNYC+x+LzRdRcnIG1YodLrrtA8xsxw==}
    cpu: [riscv64]
    os: [linux]

  '@rollup/rollup-linux-riscv64-musl@4.55.1':
    resolution: {integrity: sha512-u9yZ0jUkOED1BFrqu3BwMQoixvGHGZ+JhJNkNKY/hyoEgOwlqKb62qu+7UjbPSHYjiVy8kKJHvXKv5coH4wDeg==}
    cpu: [riscv64]
    os: [linux]

  '@rollup/rollup-linux-s390x-gnu@4.55.1':
    resolution: {integrity: sha512-/0PenBCmqM4ZUd0190j7J0UsQ/1nsi735iPRakO8iPciE7BQ495Y6msPzaOmvx0/pn+eJVVlZrNrSh4WSYLxNg==}
    cpu: [s390x]
    os: [linux]

  '@rollup/rollup-linux-x64-gnu@4.55.1':
    resolution: {integrity: sha512-a8G4wiQxQG2BAvo+gU6XrReRRqj+pLS2NGXKm8io19goR+K8lw269eTrPkSdDTALwMmJp4th2Uh0D8J9bEV1vg==}
    cpu: [x64]
    os: [linux]

  '@rollup/rollup-linux-x64-musl@4.55.1':
    resolution: {integrity: sha512-bD+zjpFrMpP/hqkfEcnjXWHMw5BIghGisOKPj+2NaNDuVT+8Ds4mPf3XcPHuat1tz89WRL+1wbcxKY3WSbiT7w==}
    cpu: [x64]
    os: [linux]

  '@rollup/rollup-openbsd-x64@4.55.1':
    resolution: {integrity: sha512-eLXw0dOiqE4QmvikfQ6yjgkg/xDM+MdU9YJuP4ySTibXU0oAvnEWXt7UDJmD4UkYialMfOGFPJnIHSe/kdzPxg==}
    cpu: [x64]
    os: [openbsd]

  '@rollup/rollup-openharmony-arm64@4.55.1':
    resolution: {integrity: sha512-xzm44KgEP11te3S2HCSyYf5zIzWmx3n8HDCc7EE59+lTcswEWNpvMLfd9uJvVX8LCg9QWG67Xt75AuHn4vgsXw==}
    cpu: [arm64]
    os: [openharmony]

  '@rollup/rollup-win32-arm64-msvc@4.55.1':
    resolution: {integrity: sha512-yR6Bl3tMC/gBok5cz/Qi0xYnVbIxGx5Fcf/ca0eB6/6JwOY+SRUcJfI0OpeTpPls7f194as62thCt/2BjxYN8g==}
    cpu: [arm64]
    os: [win32]

  '@rollup/rollup-win32-ia32-msvc@4.55.1':
    resolution: {integrity: sha512-3fZBidchE0eY0oFZBnekYCfg+5wAB0mbpCBuofh5mZuzIU/4jIVkbESmd2dOsFNS78b53CYv3OAtwqkZZmU5nA==}
    cpu: [ia32]
    os: [win32]

  '@rollup/rollup-win32-x64-gnu@4.55.1':
    resolution: {integrity: sha512-xGGY5pXj69IxKb4yv/POoocPy/qmEGhimy/FoTpTSVju3FYXUQQMFCaZZXJVidsmGxRioZAwpThl/4zX41gRKg==}
    cpu: [x64]
    os: [win32]

  '@rollup/rollup-win32-x64-msvc@4.55.1':
    resolution: {integrity: sha512-SPEpaL6DX4rmcXtnhdrQYgzQ5W2uW3SCJch88lB2zImhJRhIIK44fkUrgIV/Q8yUNfw5oyZ5vkeQsZLhCb06lw==}
    cpu: [x64]
    os: [win32]

  '@so-ric/colorspace@1.1.6':
    resolution: {integrity: sha512-/KiKkpHNOBgkFJwu9sh48LkHSMYGyuTcSFK/qMBdnOAlrRJzRSXAOFB5qwzaVQuDl8wAvHVMkaASQDReTahxuw==}

  '@standard-schema/spec@1.1.0':
    resolution: {integrity: sha512-l2aFy5jALhniG5HgqrD6jXLi/rUWrKvqN/qJx6yoJsgKhblVd+iqqU4RCXavm/jPityDo5TCvKMnpjKnOriy0w==}

  '@types/chai@5.2.3':
    resolution: {integrity: sha512-Mw558oeA9fFbv65/y4mHtXDs9bPnFMZAL/jxdPFUpOHHIXX91mcgEHbS5Lahr+pwZFR8A7GQleRWeI6cGFC2UA==}

  '@types/deep-eql@4.0.2':
    resolution: {integrity: sha512-c9h9dVVMigMPc4bwTvC5dxqtqJZwQPePsWjPlpSOnojbor6pGqdk541lfA7AqFQr5pB1BRdq0juY9db81BwyFw==}

  '@types/estree@1.0.8':
    resolution: {integrity: sha512-dWHzHa2WqEXI/O1E9OjrocMTKJl2mSrEolh1Iomrv6U+JuNwaHXsXx9bLu5gG7BUWFIN0skIQJQ/L1rIex4X6w==}

  '@types/node@25.0.6':
    resolution: {integrity: sha512-NNu0sjyNxpoiW3YuVFfNz7mxSQ+S4X2G28uqg2s+CzoqoQjLPsWSbsFFyztIAqt2vb8kfEAsJNepMGPTxFDx3Q==}

  '@types/triple-beam@1.3.5':
    resolution: {integrity: sha512-6WaYesThRMCl19iryMYP7/x2OVgCtbIVflDGFpWnb9irXI3UjYE4AzmYuiUKY1AJstGijoY+MgUszMgRxIYTYw==}

  '@types/uuid@10.0.0':
    resolution: {integrity: sha512-7gqG38EyHgyP1S+7+xomFtL+ZNHcKv6DwNaCZmJmo1vgMugyF3TCnXVg4t1uk89mLNwnLtnY3TpOpCOyp1/xHQ==}

  '@vitest/expect@4.0.16':
    resolution: {integrity: sha512-eshqULT2It7McaJkQGLkPjPjNph+uevROGuIMJdG3V+0BSR2w9u6J9Lwu+E8cK5TETlfou8GRijhafIMhXsimA==}

  '@vitest/mocker@4.0.16':
    resolution: {integrity: sha512-yb6k4AZxJTB+q9ycAvsoxGn+j/po0UaPgajllBgt1PzoMAAmJGYFdDk0uCcRcxb3BrME34I6u8gHZTQlkqSZpg==}
    peerDependencies:
      msw: ^2.4.9
      vite: ^6.0.0 || ^7.0.0-0
    peerDependenciesMeta:
      msw:
        optional: true
      vite:
        optional: true

  '@vitest/pretty-format@4.0.16':
    resolution: {integrity: sha512-eNCYNsSty9xJKi/UdVD8Ou16alu7AYiS2fCPRs0b1OdhJiV89buAXQLpTbe+X8V9L6qrs9CqyvU7OaAopJYPsA==}

  '@vitest/runner@4.0.16':
    resolution: {integrity: sha512-VWEDm5Wv9xEo80ctjORcTQRJ539EGPB3Pb9ApvVRAY1U/WkHXmmYISqU5E79uCwcW7xYUV38gwZD+RV755fu3Q==}

  '@vitest/snapshot@4.0.16':
    resolution: {integrity: sha512-sf6NcrYhYBsSYefxnry+DR8n3UV4xWZwWxYbCJUt2YdvtqzSPR7VfGrY0zsv090DAbjFZsi7ZaMi1KnSRyK1XA==}

  '@vitest/spy@4.0.16':
    resolution: {integrity: sha512-4jIOWjKP0ZUaEmJm00E0cOBLU+5WE0BpeNr3XN6TEF05ltro6NJqHWxXD0kA8/Zc8Nh23AT8WQxwNG+WeROupw==}

  '@vitest/utils@4.0.16':
    resolution: {integrity: sha512-h8z9yYhV3e1LEfaQ3zdypIrnAg/9hguReGZoS7Gl0aBG5xgA410zBqECqmaF/+RkTggRsfnzc1XaAHA6bmUufA==}

  ansi-styles@4.3.0:
    resolution: {integrity: sha512-zbB9rCJAT1rbjiVDb2hqKFHNYLxgtk8NURxZ3IZwD3F6NtxbXZQCnnSi1Lkx+IDohdPlFp222wVALIheZJQSEg==}
    engines: {node: '>=8'}

  ansi-styles@5.2.0:
    resolution: {integrity: sha512-Cxwpt2SfTzTtXcfOlzGEee8O+c+MmUgGrNiBcXnuWxuFJHe6a5Hz7qwhwe5OgaSYI0IJvkLqWX1ASG+cJOkEiA==}
    engines: {node: '>=10'}

  assertion-error@2.0.1:
    resolution: {integrity: sha512-Izi8RQcffqCeNVgFigKli1ssklIbpHnCYc6AknXGYoB6grJqyeby7jv12JUQgmTAnIDnbck1uxksT4dzN3PWBA==}
    engines: {node: '>=12'}

  async@3.2.6:
    resolution: {integrity: sha512-htCUDlxyyCLMgaM3xXg0C0LW2xqfuQ6p05pCEIsXuyQ+a1koYKTuBMzRNwmybfLgvJDMd0r1LTn4+E0Ti6C2AA==}

  base64-js@1.5.1:
    resolution: {integrity: sha512-AKpaYlHn8t4SVbOHCy+b5+KKgvR4vrsD8vbvrbiQJps7fKDTkjkDry6ji0rUJjC0kzbNePLwzxq8iypo41qeWA==}

  camelcase@6.3.0:
    resolution: {integrity: sha512-Gmy6FhYlCY7uOElZUSbxo2UCDH8owEk996gkbrpsgGtrJLM3J7jGxl9Ic7Qwwj4ivOE5AWZWRMecDdF7hqGjFA==}
    engines: {node: '>=10'}

  chai@6.2.2:
    resolution: {integrity: sha512-NUPRluOfOiTKBKvWPtSD4PhFvWCqOi0BGStNWs57X9js7XGTprSmFoz5F0tWhR4WPjNeR9jXqdC7/UpSJTnlRg==}
    engines: {node: '>=18'}

  chalk@4.1.2:
    resolution: {integrity: sha512-oKnbhFyRIXpUuez8iBMmyEa4nbj4IOQyuhc/wy9kY7/WVPcwIO9VA668Pu8RkO7+0G76SLROeyw9CpQ061i4mA==}
    engines: {node: '>=10'}

  color-convert@2.0.1:
    resolution: {integrity: sha512-RRECPsj7iu/xb5oKYcsFHSppFNnsj/52OVTRKb4zP5onXwVF3zVmmToNcOfGC+CRDpfK/U584fMg38ZHCaElKQ==}
    engines: {node: '>=7.0.0'}

  color-convert@3.1.3:
    resolution: {integrity: sha512-fasDH2ont2GqF5HpyO4w0+BcewlhHEZOFn9c1ckZdHpJ56Qb7MHhH/IcJZbBGgvdtwdwNbLvxiBEdg336iA9Sg==}
    engines: {node: '>=14.6'}

  color-name@1.1.4:
    resolution: {integrity: sha512-dOy+3AuW3a2wNbZHIuMZpTcgjGuLU/uBL/ubcZF9OXbDo8ff4O8yVp5Bf0efS8uEoYo5q4Fx7dY9OgQGXgAsQA==}

  color-name@2.1.0:
    resolution: {integrity: sha512-1bPaDNFm0axzE4MEAzKPuqKWeRaT43U/hyxKPBdqTfmPF+d6n7FSoTFxLVULUJOmiLp01KjhIPPH+HrXZJN4Rg==}
    engines: {node: '>=12.20'}

  color-string@2.1.4:
    resolution: {integrity: sha512-Bb6Cq8oq0IjDOe8wJmi4JeNn763Xs9cfrBcaylK1tPypWzyoy2G3l90v9k64kjphl/ZJjPIShFztenRomi8WTg==}
    engines: {node: '>=18'}

  color@5.0.3:
    resolution: {integrity: sha512-ezmVcLR3xAVp8kYOm4GS45ZLLgIE6SPAFoduLr6hTDajwb3KZ2F46gulK3XpcwRFb5KKGCSezCBAY4Dw4HsyXA==}
    engines: {node: '>=18'}

  commander@14.0.2:
    resolution: {integrity: sha512-TywoWNNRbhoD0BXs1P3ZEScW8W5iKrnbithIl0YH+uCmBd0QpPOA8yc82DS3BIE5Ma6FnBVUsJ7wVUDz4dvOWQ==}
    engines: {node: '>=20'}

  console-table-printer@2.15.0:
    resolution: {integrity: sha512-SrhBq4hYVjLCkBVOWaTzceJalvn5K1Zq5aQA6wXC/cYjI3frKWNPEMK3sZsJfNNQApvCQmgBcc13ZKmFj8qExw==}

  decamelize@1.2.0:
    resolution: {integrity: sha512-z2S+W9X73hAUUki+N+9Za2lBlun89zigOyGrsax+KUQ6wKW4ZoWpEYBkGhQjwAjjDCkWxhY0VKEhk8wzY7F5cA==}
    engines: {node: '>=0.10.0'}

  deep-diff@1.0.2:
    resolution: {integrity: sha512-aWS3UIVH+NPGCD1kki+DCU9Dua032iSsO43LqQpcs4R3+dVv7tX0qBGjiVHJHjplsoUM2XRO/KB92glqc68awg==}
    deprecated: Package no longer supported. Contact Support at https://www.npmjs.com/support for more info.

  dotenv@17.2.3:
    resolution: {integrity: sha512-JVUnt+DUIzu87TABbhPmNfVdBDt18BLOWjMUFJMSi/Qqg7NTYtabbvSNJGOJ7afbRuv9D/lngizHtP7QyLQ+9w==}
    engines: {node: '>=12'}

  enabled@2.0.0:
    resolution: {integrity: sha512-AKrN98kuwOzMIdAizXGI86UFBoo26CL21UM763y1h/GMSJ4/OHU9k2YlsmBpyScFo/wbLzWQJBMCW4+IO3/+OQ==}

  es-module-lexer@1.7.0:
    resolution: {integrity: sha512-jEQoCwk8hyb2AZziIOLhDqpm5+2ww5uIE6lkO/6jcOCusfk6LhMHpXXfBLXTZ7Ydyt0j4VoUQv6uGNYbdW+kBA==}

  esbuild@0.27.2:
    resolution: {integrity: sha512-HyNQImnsOC7X9PMNaCIeAm4ISCQXs5a5YasTXVliKv4uuBo1dKrG0A+uQS8M5eXjVMnLg3WgXaKvprHlFJQffw==}
    engines: {node: '>=18'}
    hasBin: true

  estree-walker@3.0.3:
    resolution: {integrity: sha512-7RUKfXgSMMkzt6ZuXmqapOurLGPPfgj6l9uRZ7lRGolvk0y2yocc35LdcxKC5PQZdn2DMqioAQ2NoWcrTKmm6g==}

  eventemitter3@4.0.7:
    resolution: {integrity: sha512-8guHBZCwKnFhYdHr2ysuRWErTwhoN2X8XELRlrRwpmfeY2jjuUN4taQMsULKUVo1K4DvZl+0pgfyoysHxvmvEw==}

  expect-type@1.3.0:
    resolution: {integrity: sha512-knvyeauYhqjOYvQ66MznSMs83wmHrCycNEN6Ao+2AeYEfxUIkuiVxdEa1qlGEPK+We3n0THiDciYSsCcgW/DoA==}
    engines: {node: '>=12.0.0'}

  fdir@6.5.0:
    resolution: {integrity: sha512-tIbYtZbucOs0BRGqPJkshJUYdL+SDH7dVM8gjy+ERp3WAUjLEFJE+02kanyHtwjWOnwrKYBiwAmM0p4kLJAnXg==}
    engines: {node: '>=12.0.0'}
    peerDependencies:
      picomatch: ^3 || ^4
    peerDependenciesMeta:
      picomatch:
        optional: true

  fecha@4.2.3:
    resolution: {integrity: sha512-OP2IUU6HeYKJi3i0z4A19kHMQoLVs4Hc+DPqqxI2h/DPZHTm/vjsfC6P0b4jCMy14XizLBqvndQ+UilD7707Jw==}

  fn.name@1.1.0:
    resolution: {integrity: sha512-GRnmB5gPyJpAhTQdSZTSp9uaPSvl09KoYcMQtsB9rQoOmzs9dH6ffeccH+Z+cv6P68Hu5bC6JjRh4Ah/mHSNRw==}

  fsevents@2.3.2:
    resolution: {integrity: sha512-xiqMQR4xAeHTuB9uWm+fFRcIOgKBMiOBP+eXiyT7jsgVCq1bkVygt00oASowB7EdtpOHaaPgKt812P9ab+DDKA==}
    engines: {node: ^8.16.0 || ^10.6.0 || >=11.0.0}
    os: [darwin]

  fsevents@2.3.3:
    resolution: {integrity: sha512-5xoDfX+fL7faATnagmWPpbFtwh/R77WmMMqqHGS65C3vvB0YHrgF+B1YmZ3441tMj5n63k0212XNoJwzlhffQw==}
    engines: {node: ^8.16.0 || ^10.6.0 || >=11.0.0}
    os: [darwin]

  get-tsconfig@4.13.0:
    resolution: {integrity: sha512-1VKTZJCwBrvbd+Wn3AOgQP/2Av+TfTCOlE4AcRJE72W1ksZXbAx8PPBR9RzgTeSPzlPMHrbANMH3LbltH73wxQ==}

  has-flag@4.0.0:
    resolution: {integrity: sha512-EykJT/Q1KjTWctppgIAgfSO0tKVuZUjhgMr17kqTumMl6Afv3EISleU7qZUzoXDFTAHTDC4NOoG/ZxU3EvlMPQ==}
    engines: {node: '>=8'}

  inherits@2.0.4:
    resolution: {integrity: sha512-k/vGaX4/Yla3WzyMCvTQOXYeIHvqOKtnqBduzTHpzpQZzAskKMhZ2K+EnBiSM9zGSoIFeMpXKxa4dYeZIQqewQ==}

  is-stream@2.0.1:
    resolution: {integrity: sha512-hFoiJiTl63nn+kstHGBtewWSKnQLpyb155KHheA1l39uvtO9nWIop1p3udqPcUd/xbF1VLMO4n7OI6p7RbngDg==}
    engines: {node: '>=8'}

  js-tiktoken@1.0.21:
    resolution: {integrity: sha512-biOj/6M5qdgx5TKjDnFT1ymSpM5tbd3ylwDtrQvFQSu0Z7bBYko2dF+W/aUkXUPuk6IVpRxk/3Q2sHOzGlS36g==}

  json-schema-to-ts@3.1.1:
    resolution: {integrity: sha512-+DWg8jCJG2TEnpy7kOm/7/AxaYoaRbjVB4LFZLySZlWn8exGs3A4OLJR966cVvU26N7X9TWxl+Jsw7dzAqKT6g==}
    engines: {node: '>=16'}

  kuler@2.0.0:
    resolution: {integrity: sha512-Xq9nH7KlWZmXAtodXDDRE7vs6DU1gTU8zYDHDiWLSip45Egwq3plLHzPn27NgvzL2r1LMPC1vdqh98sQxtqj4A==}

  langsmith@0.4.5:
    resolution: {integrity: sha512-9N4JSQLz6fWiZwVXaiy0erlvNHlC68EtGJZG2OX+1y9mqj7KvKSL+xJnbCFc+ky3JN8s1d6sCfyyDdi4uDdLnQ==}
    peerDependencies:
      '@opentelemetry/api': '*'
      '@opentelemetry/exporter-trace-otlp-proto': '*'
      '@opentelemetry/sdk-trace-base': '*'
      openai: '*'
    peerDependenciesMeta:
      '@opentelemetry/api':
        optional: true
      '@opentelemetry/exporter-trace-otlp-proto':
        optional: true
      '@opentelemetry/sdk-trace-base':
        optional: true
      openai:
        optional: true

  logform@2.7.0:
    resolution: {integrity: sha512-TFYA4jnP7PVbmlBIfhlSe+WKxs9dklXMTEGcBCIvLhE/Tn3H6Gk1norupVW7m5Cnd4bLcr08AytbyV/xj7f/kQ==}
    engines: {node: '>= 12.0.0'}

  magic-string@0.30.21:
    resolution: {integrity: sha512-vd2F4YUyEXKGcLHoq+TEyCjxueSeHnFxyyjNp80yg0XV4vUhnDer/lvvlqM/arB5bXQN5K2/3oinyCRyx8T2CQ==}

  ms@2.1.3:
    resolution: {integrity: sha512-6FlzubTLZG3J2a/NVCAleEhjzq5oxgHyaCU9yYXvcLsvoVaHJq/s5xXI6/XXP6tz7R9xAOtHnSO/tXtF3WRTlA==}

  mustache@4.2.0:
    resolution: {integrity: sha512-71ippSywq5Yb7/tVYyGbkBggbU8H3u5Rz56fH60jGFgr8uHwxs+aSKeqmluIVzM0m0kB7xQjKS6qPfd0b2ZoqQ==}
    hasBin: true

  nanoid@3.3.11:
    resolution: {integrity: sha512-N8SpfPUnUp1bK+PMYW8qSWdl9U+wwNWI4QKxOYDy9JAro3WMX7p2OeVRF9v+347pnakNevPmiHhNmZ2HbFA76w==}
    engines: {node: ^10 || ^12 || ^13.7 || ^14 || >=15.0.1}
    hasBin: true

  obug@2.1.1:
    resolution: {integrity: sha512-uTqF9MuPraAQ+IsnPf366RG4cP9RtUi7MLO1N3KEc+wb0a6yKpeL0lmk2IB1jY5KHPAlTc6T/JRdC/YqxHNwkQ==}

  one-time@1.0.0:
    resolution: {integrity: sha512-5DXOiRKwuSEcQ/l0kGCF6Q3jcADFv5tSmRaJck/OqkVFcOzutB134KRSfF0xDrL39MNnqxbHBbUUcjZIhTgb2g==}

  openai@6.16.0:
    resolution: {integrity: sha512-fZ1uBqjFUjXzbGc35fFtYKEOxd20kd9fDpFeqWtsOZWiubY8CZ1NAlXHW3iathaFvqmNtCWMIsosCuyeI7Joxg==}
    hasBin: true
    peerDependencies:
      ws: ^8.18.0
      zod: ^3.25 || ^4.0
    peerDependenciesMeta:
      ws:
        optional: true
      zod:
        optional: true

  p-finally@1.0.0:
    resolution: {integrity: sha512-LICb2p9CB7FS+0eR1oqWnHhp0FljGLZCWBE9aix0Uye9W8LTQPwMTYVGWQWIw9RdQiDg4+epXQODwIYJtSJaow==}
    engines: {node: '>=4'}

  p-queue@6.6.2:
    resolution: {integrity: sha512-RwFpb72c/BhQLEXIZ5K2e+AhgNVmIejGlTgiB9MzZ0e93GRvqZ7uSi0dvRF7/XIXDeNkra2fNHBxTyPDGySpjQ==}
    engines: {node: '>=8'}

  p-timeout@3.2.0:
    resolution: {integrity: sha512-rhIwUycgwwKcP9yTOOFK/AKsAopjjCakVqLHePO3CC6Mir1Z99xT+R63jZxAT5lFZLa2inS5h+ZS2GvR99/FBg==}
    engines: {node: '>=8'}

  pathe@2.0.3:
    resolution: {integrity: sha512-WUjGcAqP1gQacoQe+OBJsFA7Ld4DyXuUIjZ5cc75cLHvJ7dtNsTugphxIADwspS+AraAUePCKrSVtPLFj/F88w==}

  picocolors@1.1.1:
    resolution: {integrity: sha512-xceH2snhtb5M9liqDsmEw56le376mTZkEX/jEb/RxNFyegNul7eNslCXP9FDj/Lcu0X8KEyMceP2ntpaHrDEVA==}

  picomatch@4.0.3:
    resolution: {integrity: sha512-5gTmgEY/sqK6gFXLIsQNH19lWb4ebPDLA4SdLP7dsWkIXHWlG66oPuVvXSGFPppYZz8ZDZq0dYYrbHfBCVUb1Q==}
    engines: {node: '>=12'}

  playwright-core@1.57.0:
    resolution: {integrity: sha512-agTcKlMw/mjBWOnD6kFZttAAGHgi/Nw0CZ2o6JqWSbMlI219lAFLZZCyqByTsvVAJq5XA5H8cA6PrvBRpBWEuQ==}
    engines: {node: '>=18'}
    hasBin: true

  playwright@1.57.0:
    resolution: {integrity: sha512-ilYQj1s8sr2ppEJ2YVadYBN0Mb3mdo9J0wQ+UuDhzYqURwSoW4n1Xs5vs7ORwgDGmyEh33tRMeS8KhdkMoLXQw==}
    engines: {node: '>=18'}
    hasBin: true

  postcss@8.5.6:
    resolution: {integrity: sha512-3Ybi1tAuwAP9s0r1UQ2J4n5Y0G05bJkpUIO0/bI9MhwmD70S5aTWbXGBwxHrelT+XM1k6dM0pk+SwNkpTRN7Pg==}
    engines: {node: ^10 || ^12 || >=14}

  readable-stream@3.6.2:
    resolution: {integrity: sha512-9u/sniCrY3D5WdsERHzHE4G2YCXqoG5FTHUiCC4SIbr6XcLZBY05ya9EKjYek9O5xOAwjGq+1JdGBAS7Q9ScoA==}
    engines: {node: '>= 6'}

  resolve-pkg-maps@1.0.0:
    resolution: {integrity: sha512-seS2Tj26TBVOC2NIc2rOe2y2ZO7efxITtLZcGSOnHHNOQ7CkiUBfw0Iw2ck6xkIhPwLhKNLS8BO+hEpngQlqzw==}

  rollup@4.55.1:
    resolution: {integrity: sha512-wDv/Ht1BNHB4upNbK74s9usvl7hObDnvVzknxqY/E/O3X6rW1U1rV1aENEfJ54eFZDTNo7zv1f5N4edCluH7+A==}
    engines: {node: '>=18.0.0', npm: '>=8.0.0'}
    hasBin: true

  safe-buffer@5.2.1:
    resolution: {integrity: sha512-rp3So07KcdmmKbGvgaNxQSJr7bGVSVk5S9Eq1F+ppbRo70+YeaDxkw5Dd8NPN+GD6bjnYm2VuPuCXmpuYvmCXQ==}

  safe-stable-stringify@2.5.0:
    resolution: {integrity: sha512-b3rppTKm9T+PsVCBEOUR46GWI7fdOs00VKZ1+9c1EWDaDMvjQc6tUwuFyIprgGgTcWoVHSKrU8H31ZHA2e0RHA==}
    engines: {node: '>=10'}

  semver@7.7.3:
    resolution: {integrity: sha512-SdsKMrI9TdgjdweUSR9MweHA4EJ8YxHn8DFaDisvhVlUOe4BF1tLD7GAj0lIqWVl+dPb/rExr0Btby5loQm20Q==}
    engines: {node: '>=10'}
    hasBin: true

  siginfo@2.0.0:
    resolution: {integrity: sha512-ybx0WO1/8bSBLEWXZvEd7gMW3Sn3JFlW3TvX1nREbDLRNQNaeNN8WK0meBwPdAaOI7TtRRRJn/Es1zhrrCHu7g==}

  simple-wcswidth@1.1.2:
    resolution: {integrity: sha512-j7piyCjAeTDSjzTSQ7DokZtMNwNlEAyxqSZeCS+CXH7fJ4jx3FuJ/mTW3mE+6JLs4VJBbcll0Kjn+KXI5t21Iw==}

  source-map-js@1.2.1:
    resolution: {integrity: sha512-UXWMKhLOwVKb728IUtQPXxfYU+usdybtUrK/8uGE8CQMvrhOpwvzDBwj0QhSL7MQc7vIsISBG8VQ8+IDQxpfQA==}
    engines: {node: '>=0.10.0'}

  stack-trace@0.0.10:
    resolution: {integrity: sha512-KGzahc7puUKkzyMt+IqAep+TVNbKP+k2Lmwhub39m1AsTSkaDutx56aDCo+HLDzf/D26BIHTJWNiTG1KAJiQCg==}

  stackback@0.0.2:
    resolution: {integrity: sha512-1XMJE5fQo1jGH6Y/7ebnwPOBEkIEnT4QF32d5R1+VXdXveM0IBMJt8zfaxX1P3QhVwrYe+576+jkANtSS2mBbw==}

  std-env@3.10.0:
    resolution: {integrity: sha512-5GS12FdOZNliM5mAOxFRg7Ir0pWz8MdpYm6AY6VPkGpbA7ZzmbzNcBJQ0GPvvyWgcY7QAhCgf9Uy89I03faLkg==}

  string_decoder@1.3.0:
    resolution: {integrity: sha512-hkRX8U1WjJFd8LsDJ2yQ/wWWxaopEsABU1XfkM8A+j0+85JAGppt16cr1Whg6KIbb4okU6Mql6BOj+uup/wKeA==}

  supports-color@7.2.0:
    resolution: {integrity: sha512-qpCAvRl9stuOHveKsn7HncJRvv501qIacKzQlO/+Lwxc9+0q2wLyv4Dfvt80/DPn2pqOBsJdDiogXGR9+OvwRw==}
    engines: {node: '>=8'}

  text-hex@1.0.0:
    resolution: {integrity: sha512-uuVGNWzgJ4yhRaNSiubPY7OjISw4sw4E5Uv0wbjp+OzcbmVU/rsT8ujgcXJhn9ypzsgr5vlzpPqP+MBBKcGvbg==}

  tinybench@2.9.0:
    resolution: {integrity: sha512-0+DUvqWMValLmha6lr4kD8iAMK1HzV0/aKnCtWb9v9641TnP/MFb7Pc2bxoxQjTXAErryXVgUOfv2YqNllqGeg==}

  tinyexec@1.0.2:
    resolution: {integrity: sha512-W/KYk+NFhkmsYpuHq5JykngiOCnxeVL8v8dFnqxSD8qEEdRfXk1SDM6JzNqcERbcGYj9tMrDQBYV9cjgnunFIg==}
    engines: {node: '>=18'}

  tinyglobby@0.2.15:
    resolution: {integrity: sha512-j2Zq4NyQYG5XMST4cbs02Ak8iJUdxRM0XI5QyxXuZOzKOINmWurp3smXu3y5wDcJrptwpSjgXHzIQxR0omXljQ==}
    engines: {node: '>=12.0.0'}

  tinyrainbow@3.0.3:
    resolution: {integrity: sha512-PSkbLUoxOFRzJYjjxHJt9xro7D+iilgMX/C9lawzVuYiIdcihh9DXmVibBe8lmcFrRi/VzlPjBxbN7rH24q8/Q==}
    engines: {node: '>=14.0.0'}

  triple-beam@1.4.1:
    resolution: {integrity: sha512-aZbgViZrg1QNcG+LULa7nhZpJTZSLm/mXnHXnbAbjmN5aSa0y7V+wvv6+4WaBtpISJzThKy+PIPxc1Nq1EJ9mg==}
    engines: {node: '>= 14.0.0'}

  ts-algebra@2.0.0:
    resolution: {integrity: sha512-FPAhNPFMrkwz76P7cdjdmiShwMynZYN6SgOujD1urY4oNm80Ou9oMdmbR45LotcKOXoy7wSmHkRFE6Mxbrhefw==}

  tsx@4.21.0:
    resolution: {integrity: sha512-5C1sg4USs1lfG0GFb2RLXsdpXqBSEhAaA/0kPL01wxzpMqLILNxIxIOKiILz+cdg/pLnOUxFYOR5yhHU666wbw==}
    engines: {node: '>=18.0.0'}
    hasBin: true

  typescript@5.9.3:
    resolution: {integrity: sha512-jl1vZzPDinLr9eUt3J/t7V6FgNEw9QjvBPdysz9KfQDD41fQrC2Y4vKQdiaUpFT4bXlb1RHhLpp8wtm6M5TgSw==}
    engines: {node: '>=14.17'}
    hasBin: true

  undici-types@7.16.0:
    resolution: {integrity: sha512-Zz+aZWSj8LE6zoxD+xrjh4VfkIG8Ya6LvYkZqtUQGJPZjYl53ypCaUwWqo7eI0x66KBGeRo+mlBEkMSeSZ38Nw==}

  util-deprecate@1.0.2:
    resolution: {integrity: sha512-EPD5q1uXyFxJpCrLnCc1nHnq3gOa6DZBocAIiI2TaSCA7VCJ1UJDMagCzIkXNsUYfD1daK//LTEQ8xiIbrHtcw==}

  uuid@10.0.0:
    resolution: {integrity: sha512-8XkAphELsDnEGrDxUOHB3RGvXz6TeuYSGEZBOjtTtPm2lwhGBjLgOzLHB63IUWfBpNucQjND6d3AOudO+H3RWQ==}
    hasBin: true

  uuid@13.0.0:
    resolution: {integrity: sha512-XQegIaBTVUjSHliKqcnFqYypAd4S+WCYt5NIeRs6w/UAry7z8Y9j5ZwRRL4kzq9U3sD6v+85er9FvkEaBpji2w==}
    hasBin: true

  vite@7.3.1:
    resolution: {integrity: sha512-w+N7Hifpc3gRjZ63vYBXA56dvvRlNWRczTdmCBBa+CotUzAPf5b7YMdMR/8CQoeYE5LX3W4wj6RYTgonm1b9DA==}
    engines: {node: ^20.19.0 || >=22.12.0}
    hasBin: true
    peerDependencies:
      '@types/node': ^20.19.0 || >=22.12.0
      jiti: '>=1.21.0'
      less: ^4.0.0
      lightningcss: ^1.21.0
      sass: ^1.70.0
      sass-embedded: ^1.70.0
      stylus: '>=0.54.8'
      sugarss: ^5.0.0
      terser: ^5.16.0
      tsx: ^4.8.1
      yaml: ^2.4.2
    peerDependenciesMeta:
      '@types/node':
        optional: true
      jiti:
        optional: true
      less:
        optional: true
      lightningcss:
        optional: true
      sass:
        optional: true
      sass-embedded:
        optional: true
      stylus:
        optional: true
      sugarss:
        optional: true
      terser:
        optional: true
      tsx:
        optional: true
      yaml:
        optional: true

  vitest@4.0.16:
    resolution: {integrity: sha512-E4t7DJ9pESL6E3I8nFjPa4xGUd3PmiWDLsDztS2qXSJWfHtbQnwAWylaBvSNY48I3vr8PTqIZlyK8TE3V3CA4Q==}
    engines: {node: ^20.0.0 || ^22.0.0 || >=24.0.0}
    hasBin: true
    peerDependencies:
      '@edge-runtime/vm': '*'
      '@opentelemetry/api': ^1.9.0
      '@types/node': ^20.0.0 || ^22.0.0 || >=24.0.0
      '@vitest/browser-playwright': 4.0.16
      '@vitest/browser-preview': 4.0.16
      '@vitest/browser-webdriverio': 4.0.16
      '@vitest/ui': 4.0.16
      happy-dom: '*'
      jsdom: '*'
    peerDependenciesMeta:
      '@edge-runtime/vm':
        optional: true
      '@opentelemetry/api':
        optional: true
      '@types/node':
        optional: true
      '@vitest/browser-playwright':
        optional: true
      '@vitest/browser-preview':
        optional: true
      '@vitest/browser-webdriverio':
        optional: true
      '@vitest/ui':
        optional: true
      happy-dom:
        optional: true
      jsdom:
        optional: true

  why-is-node-running@2.3.0:
    resolution: {integrity: sha512-hUrmaWBdVDcxvYqnyh09zunKzROWjbZTiNy8dBEjkS7ehEDQibXJ7XvlmtbwuTclUiIyN+CyXQD4Vmko8fNm8w==}
    engines: {node: '>=8'}
    hasBin: true

  winston-transport@4.9.0:
    resolution: {integrity: sha512-8drMJ4rkgaPo1Me4zD/3WLfI/zPdA9o2IipKODunnGDcuqbHwjsbB79ylv04LCGGzU0xQ6vTznOMpQGaLhhm6A==}
    engines: {node: '>= 12.0.0'}

  winston@3.19.0:
    resolution: {integrity: sha512-LZNJgPzfKR+/J3cHkxcpHKpKKvGfDZVPS4hfJCc4cCG0CgYzvlD6yE/S3CIL/Yt91ak327YCpiF/0MyeZHEHKA==}
    engines: {node: '>= 12.0.0'}

  zod@4.3.5:
    resolution: {integrity: sha512-k7Nwx6vuWx1IJ9Bjuf4Zt1PEllcwe7cls3VNzm4CQ1/hgtFUK2bRNG3rvnpPUhFjmqJKAKtjV576KnUkHocg/g==}

snapshots:

  '@anthropic-ai/sdk@0.71.2(zod@4.3.5)':
    dependencies:
      json-schema-to-ts: 3.1.1
    optionalDependencies:
      zod: 4.3.5

  '@babel/runtime@7.28.4': {}

  '@cfworker/json-schema@4.1.1': {}

  '@colors/colors@1.6.0': {}

  '@dabh/diagnostics@2.0.8':
    dependencies:
      '@so-ric/colorspace': 1.1.6
      enabled: 2.0.0
      kuler: 2.0.0

  '@esbuild/aix-ppc64@0.27.2':
    optional: true

  '@esbuild/android-arm64@0.27.2':
    optional: true

  '@esbuild/android-arm@0.27.2':
    optional: true

  '@esbuild/android-x64@0.27.2':
    optional: true

  '@esbuild/darwin-arm64@0.27.2':
    optional: true

  '@esbuild/darwin-x64@0.27.2':
    optional: true

  '@esbuild/freebsd-arm64@0.27.2':
    optional: true

  '@esbuild/freebsd-x64@0.27.2':
    optional: true

  '@esbuild/linux-arm64@0.27.2':
    optional: true

  '@esbuild/linux-arm@0.27.2':
    optional: true

  '@esbuild/linux-ia32@0.27.2':
    optional: true

  '@esbuild/linux-loong64@0.27.2':
    optional: true

  '@esbuild/linux-mips64el@0.27.2':
    optional: true

  '@esbuild/linux-ppc64@0.27.2':
    optional: true

  '@esbuild/linux-riscv64@0.27.2':
    optional: true

  '@esbuild/linux-s390x@0.27.2':
    optional: true

  '@esbuild/linux-x64@0.27.2':
    optional: true

  '@esbuild/netbsd-arm64@0.27.2':
    optional: true

  '@esbuild/netbsd-x64@0.27.2':
    optional: true

  '@esbuild/openbsd-arm64@0.27.2':
    optional: true

  '@esbuild/openbsd-x64@0.27.2':
    optional: true

  '@esbuild/openharmony-arm64@0.27.2':
    optional: true

  '@esbuild/sunos-x64@0.27.2':
    optional: true

  '@esbuild/win32-arm64@0.27.2':
    optional: true

  '@esbuild/win32-ia32@0.27.2':
    optional: true

  '@esbuild/win32-x64@0.27.2':
    optional: true

  '@faker-js/faker@10.2.0': {}

  '@jridgewell/sourcemap-codec@1.5.5': {}

  '@langchain/anthropic@1.3.7(@langchain/core@1.1.12(openai@6.16.0(zod@4.3.5)))':
    dependencies:
      '@anthropic-ai/sdk': 0.71.2(zod@4.3.5)
      '@langchain/core': 1.1.12(openai@6.16.0(zod@4.3.5))
      zod: 4.3.5

  '@langchain/core@1.1.12(openai@6.16.0(zod@4.3.5))':
    dependencies:
      '@cfworker/json-schema': 4.1.1
      ansi-styles: 5.2.0
      camelcase: 6.3.0
      decamelize: 1.2.0
      js-tiktoken: 1.0.21
      langsmith: 0.4.5(openai@6.16.0(zod@4.3.5))
      mustache: 4.2.0
      p-queue: 6.6.2
      uuid: 10.0.0
      zod: 4.3.5
    transitivePeerDependencies:
      - '@opentelemetry/api'
      - '@opentelemetry/exporter-trace-otlp-proto'
      - '@opentelemetry/sdk-trace-base'
      - openai

  '@langchain/openai@1.2.1(@langchain/core@1.1.12(openai@6.16.0(zod@4.3.5)))':
    dependencies:
      '@langchain/core': 1.1.12(openai@6.16.0(zod@4.3.5))
      js-tiktoken: 1.0.21
      openai: 6.16.0(zod@4.3.5)
      zod: 4.3.5
    transitivePeerDependencies:
      - ws

  '@rollup/rollup-android-arm-eabi@4.55.1':
    optional: true

  '@rollup/rollup-android-arm64@4.55.1':
    optional: true

  '@rollup/rollup-darwin-arm64@4.55.1':
    optional: true

  '@rollup/rollup-darwin-x64@4.55.1':
    optional: true

  '@rollup/rollup-freebsd-arm64@4.55.1':
    optional: true

  '@rollup/rollup-freebsd-x64@4.55.1':
    optional: true

  '@rollup/rollup-linux-arm-gnueabihf@4.55.1':
    optional: true

  '@rollup/rollup-linux-arm-musleabihf@4.55.1':
    optional: true

  '@rollup/rollup-linux-arm64-gnu@4.55.1':
    optional: true

  '@rollup/rollup-linux-arm64-musl@4.55.1':
    optional: true

  '@rollup/rollup-linux-loong64-gnu@4.55.1':
    optional: true

  '@rollup/rollup-linux-loong64-musl@4.55.1':
    optional: true

  '@rollup/rollup-linux-ppc64-gnu@4.55.1':
    optional: true

  '@rollup/rollup-linux-ppc64-musl@4.55.1':
    optional: true

  '@rollup/rollup-linux-riscv64-gnu@4.55.1':
    optional: true

  '@rollup/rollup-linux-riscv64-musl@4.55.1':
    optional: true

  '@rollup/rollup-linux-s390x-gnu@4.55.1':
    optional: true

  '@rollup/rollup-linux-x64-gnu@4.55.1':
    optional: true

  '@rollup/rollup-linux-x64-musl@4.55.1':
    optional: true

  '@rollup/rollup-openbsd-x64@4.55.1':
    optional: true

  '@rollup/rollup-openharmony-arm64@4.55.1':
    optional: true

  '@rollup/rollup-win32-arm64-msvc@4.55.1':
    optional: true

  '@rollup/rollup-win32-ia32-msvc@4.55.1':
    optional: true

  '@rollup/rollup-win32-x64-gnu@4.55.1':
    optional: true

  '@rollup/rollup-win32-x64-msvc@4.55.1':
    optional: true

  '@so-ric/colorspace@1.1.6':
    dependencies:
      color: 5.0.3
      text-hex: 1.0.0

  '@standard-schema/spec@1.1.0': {}

  '@types/chai@5.2.3':
    dependencies:
      '@types/deep-eql': 4.0.2
      assertion-error: 2.0.1

  '@types/deep-eql@4.0.2': {}

  '@types/estree@1.0.8': {}

  '@types/node@25.0.6':
    dependencies:
      undici-types: 7.16.0

  '@types/triple-beam@1.3.5': {}

  '@types/uuid@10.0.0': {}

  '@vitest/expect@4.0.16':
    dependencies:
      '@standard-schema/spec': 1.1.0
      '@types/chai': 5.2.3
      '@vitest/spy': 4.0.16
      '@vitest/utils': 4.0.16
      chai: 6.2.2
      tinyrainbow: 3.0.3

  '@vitest/mocker@4.0.16(vite@7.3.1(@types/node@25.0.6)(tsx@4.21.0))':
    dependencies:
      '@vitest/spy': 4.0.16
      estree-walker: 3.0.3
      magic-string: 0.30.21
    optionalDependencies:
      vite: 7.3.1(@types/node@25.0.6)(tsx@4.21.0)

  '@vitest/pretty-format@4.0.16':
    dependencies:
      tinyrainbow: 3.0.3

  '@vitest/runner@4.0.16':
    dependencies:
      '@vitest/utils': 4.0.16
      pathe: 2.0.3

  '@vitest/snapshot@4.0.16':
    dependencies:
      '@vitest/pretty-format': 4.0.16
      magic-string: 0.30.21
      pathe: 2.0.3

  '@vitest/spy@4.0.16': {}

  '@vitest/utils@4.0.16':
    dependencies:
      '@vitest/pretty-format': 4.0.16
      tinyrainbow: 3.0.3

  ansi-styles@4.3.0:
    dependencies:
      color-convert: 2.0.1

  ansi-styles@5.2.0: {}

  assertion-error@2.0.1: {}

  async@3.2.6: {}

  base64-js@1.5.1: {}

  camelcase@6.3.0: {}

  chai@6.2.2: {}

  chalk@4.1.2:
    dependencies:
      ansi-styles: 4.3.0
      supports-color: 7.2.0

  color-convert@2.0.1:
    dependencies:
      color-name: 1.1.4

  color-convert@3.1.3:
    dependencies:
      color-name: 2.1.0

  color-name@1.1.4: {}

  color-name@2.1.0: {}

  color-string@2.1.4:
    dependencies:
      color-name: 2.1.0

  color@5.0.3:
    dependencies:
      color-convert: 3.1.3
      color-string: 2.1.4

  commander@14.0.2: {}

  console-table-printer@2.15.0:
    dependencies:
      simple-wcswidth: 1.1.2

  decamelize@1.2.0: {}

  deep-diff@1.0.2: {}

  dotenv@17.2.3: {}

  enabled@2.0.0: {}

  es-module-lexer@1.7.0: {}

  esbuild@0.27.2:
    optionalDependencies:
      '@esbuild/aix-ppc64': 0.27.2
      '@esbuild/android-arm': 0.27.2
      '@esbuild/android-arm64': 0.27.2
      '@esbuild/android-x64': 0.27.2
      '@esbuild/darwin-arm64': 0.27.2
      '@esbuild/darwin-x64': 0.27.2
      '@esbuild/freebsd-arm64': 0.27.2
      '@esbuild/freebsd-x64': 0.27.2
      '@esbuild/linux-arm': 0.27.2
      '@esbuild/linux-arm64': 0.27.2
      '@esbuild/linux-ia32': 0.27.2
      '@esbuild/linux-loong64': 0.27.2
      '@esbuild/linux-mips64el': 0.27.2
      '@esbuild/linux-ppc64': 0.27.2
      '@esbuild/linux-riscv64': 0.27.2
      '@esbuild/linux-s390x': 0.27.2
      '@esbuild/linux-x64': 0.27.2
      '@esbuild/netbsd-arm64': 0.27.2
      '@esbuild/netbsd-x64': 0.27.2
      '@esbuild/openbsd-arm64': 0.27.2
      '@esbuild/openbsd-x64': 0.27.2
      '@esbuild/openharmony-arm64': 0.27.2
      '@esbuild/sunos-x64': 0.27.2
      '@esbuild/win32-arm64': 0.27.2
      '@esbuild/win32-ia32': 0.27.2
      '@esbuild/win32-x64': 0.27.2

  estree-walker@3.0.3:
    dependencies:
      '@types/estree': 1.0.8

  eventemitter3@4.0.7: {}

  expect-type@1.3.0: {}

  fdir@6.5.0(picomatch@4.0.3):
    optionalDependencies:
      picomatch: 4.0.3

  fecha@4.2.3: {}

  fn.name@1.1.0: {}

  fsevents@2.3.2:
    optional: true

  fsevents@2.3.3:
    optional: true

  get-tsconfig@4.13.0:
    dependencies:
      resolve-pkg-maps: 1.0.0

  has-flag@4.0.0: {}

  inherits@2.0.4: {}

  is-stream@2.0.1: {}

  js-tiktoken@1.0.21:
    dependencies:
      base64-js: 1.5.1

  json-schema-to-ts@3.1.1:
    dependencies:
      '@babel/runtime': 7.28.4
      ts-algebra: 2.0.0

  kuler@2.0.0: {}

  langsmith@0.4.5(openai@6.16.0(zod@4.3.5)):
    dependencies:
      '@types/uuid': 10.0.0
      chalk: 4.1.2
      console-table-printer: 2.15.0
      p-queue: 6.6.2
      semver: 7.7.3
      uuid: 10.0.0
    optionalDependencies:
      openai: 6.16.0(zod@4.3.5)

  logform@2.7.0:
    dependencies:
      '@colors/colors': 1.6.0
      '@types/triple-beam': 1.3.5
      fecha: 4.2.3
      ms: 2.1.3
      safe-stable-stringify: 2.5.0
      triple-beam: 1.4.1

  magic-string@0.30.21:
    dependencies:
      '@jridgewell/sourcemap-codec': 1.5.5

  ms@2.1.3: {}

  mustache@4.2.0: {}

  nanoid@3.3.11: {}

  obug@2.1.1: {}

  one-time@1.0.0:
    dependencies:
      fn.name: 1.1.0

  openai@6.16.0(zod@4.3.5):
    optionalDependencies:
      zod: 4.3.5

  p-finally@1.0.0: {}

  p-queue@6.6.2:
    dependencies:
      eventemitter3: 4.0.7
      p-timeout: 3.2.0

  p-timeout@3.2.0:
    dependencies:
      p-finally: 1.0.0

  pathe@2.0.3: {}

  picocolors@1.1.1: {}

  picomatch@4.0.3: {}

  playwright-core@1.57.0: {}

  playwright@1.57.0:
    dependencies:
      playwright-core: 1.57.0
    optionalDependencies:
      fsevents: 2.3.2

  postcss@8.5.6:
    dependencies:
      nanoid: 3.3.11
      picocolors: 1.1.1
      source-map-js: 1.2.1

  readable-stream@3.6.2:
    dependencies:
      inherits: 2.0.4
      string_decoder: 1.3.0
      util-deprecate: 1.0.2

  resolve-pkg-maps@1.0.0: {}

  rollup@4.55.1:
    dependencies:
      '@types/estree': 1.0.8
    optionalDependencies:
      '@rollup/rollup-android-arm-eabi': 4.55.1
      '@rollup/rollup-android-arm64': 4.55.1
      '@rollup/rollup-darwin-arm64': 4.55.1
      '@rollup/rollup-darwin-x64': 4.55.1
      '@rollup/rollup-freebsd-arm64': 4.55.1
      '@rollup/rollup-freebsd-x64': 4.55.1
      '@rollup/rollup-linux-arm-gnueabihf': 4.55.1
      '@rollup/rollup-linux-arm-musleabihf': 4.55.1
      '@rollup/rollup-linux-arm64-gnu': 4.55.1
      '@rollup/rollup-linux-arm64-musl': 4.55.1
      '@rollup/rollup-linux-loong64-gnu': 4.55.1
      '@rollup/rollup-linux-loong64-musl': 4.55.1
      '@rollup/rollup-linux-ppc64-gnu': 4.55.1
      '@rollup/rollup-linux-ppc64-musl': 4.55.1
      '@rollup/rollup-linux-riscv64-gnu': 4.55.1
      '@rollup/rollup-linux-riscv64-musl': 4.55.1
      '@rollup/rollup-linux-s390x-gnu': 4.55.1
      '@rollup/rollup-linux-x64-gnu': 4.55.1
      '@rollup/rollup-linux-x64-musl': 4.55.1
      '@rollup/rollup-openbsd-x64': 4.55.1
      '@rollup/rollup-openharmony-arm64': 4.55.1
      '@rollup/rollup-win32-arm64-msvc': 4.55.1
      '@rollup/rollup-win32-ia32-msvc': 4.55.1
      '@rollup/rollup-win32-x64-gnu': 4.55.1
      '@rollup/rollup-win32-x64-msvc': 4.55.1
      fsevents: 2.3.3

  safe-buffer@5.2.1: {}

  safe-stable-stringify@2.5.0: {}

  semver@7.7.3: {}

  siginfo@2.0.0: {}

  simple-wcswidth@1.1.2: {}

  source-map-js@1.2.1: {}

  stack-trace@0.0.10: {}

  stackback@0.0.2: {}

  std-env@3.10.0: {}

  string_decoder@1.3.0:
    dependencies:
      safe-buffer: 5.2.1

  supports-color@7.2.0:
    dependencies:
      has-flag: 4.0.0

  text-hex@1.0.0: {}

  tinybench@2.9.0: {}

  tinyexec@1.0.2: {}

  tinyglobby@0.2.15:
    dependencies:
      fdir: 6.5.0(picomatch@4.0.3)
      picomatch: 4.0.3

  tinyrainbow@3.0.3: {}

  triple-beam@1.4.1: {}

  ts-algebra@2.0.0: {}

  tsx@4.21.0:
    dependencies:
      esbuild: 0.27.2
      get-tsconfig: 4.13.0
    optionalDependencies:
      fsevents: 2.3.3

  typescript@5.9.3: {}

  undici-types@7.16.0: {}

  util-deprecate@1.0.2: {}

  uuid@10.0.0: {}

  uuid@13.0.0: {}

  vite@7.3.1(@types/node@25.0.6)(tsx@4.21.0):
    dependencies:
      esbuild: 0.27.2
      fdir: 6.5.0(picomatch@4.0.3)
      picomatch: 4.0.3
      postcss: 8.5.6
      rollup: 4.55.1
      tinyglobby: 0.2.15
    optionalDependencies:
      '@types/node': 25.0.6
      fsevents: 2.3.3
      tsx: 4.21.0

  vitest@4.0.16(@types/node@25.0.6)(tsx@4.21.0):
    dependencies:
      '@vitest/expect': 4.0.16
      '@vitest/mocker': 4.0.16(vite@7.3.1(@types/node@25.0.6)(tsx@4.21.0))
      '@vitest/pretty-format': 4.0.16
      '@vitest/runner': 4.0.16
      '@vitest/snapshot': 4.0.16
      '@vitest/spy': 4.0.16
      '@vitest/utils': 4.0.16
      es-module-lexer: 1.7.0
      expect-type: 1.3.0
      magic-string: 0.30.21
      obug: 2.1.1
      pathe: 2.0.3
      picomatch: 4.0.3
      std-env: 3.10.0
      tinybench: 2.9.0
      tinyexec: 1.0.2
      tinyglobby: 0.2.15
      tinyrainbow: 3.0.3
      vite: 7.3.1(@types/node@25.0.6)(tsx@4.21.0)
      why-is-node-running: 2.3.0
    optionalDependencies:
      '@types/node': 25.0.6
    transitivePeerDependencies:
      - jiti
      - less
      - lightningcss
      - msw
      - sass
      - sass-embedded
      - stylus
      - sugarss
      - terser
      - tsx
      - yaml

  why-is-node-running@2.3.0:
    dependencies:
      siginfo: 2.0.0
      stackback: 0.0.2

  winston-transport@4.9.0:
    dependencies:
      logform: 2.7.0
      readable-stream: 3.6.2
      triple-beam: 1.4.1

  winston@3.19.0:
    dependencies:
      '@colors/colors': 1.6.0
      '@dabh/diagnostics': 2.0.8
      async: 3.2.6
      is-stream: 2.0.1
      logform: 2.7.0
      one-time: 1.0.0
      readable-stream: 3.6.2
      safe-stable-stringify: 2.5.0
      stack-trace: 0.0.10
      triple-beam: 1.4.1
      winston-transport: 4.9.0

  zod@4.3.5: {}
